version = 1
revision = 3
requires-python = ">=3.13"

[[package]]
name = "asgiref"
version = "3.6.0"
source = { registry = "https://pypi.org/simple" }
sdist = { url = "https://files.pythonhosted.org/packages/78/2d/797c0537426266d6c9377a2ed6a4ac61e50c2d5b1ab4da101a4b9bfe26e2/asgiref-3.6.0.tar.gz", hash = "sha256:9567dfe7bd8d3c8c892227827c41cce860b368104c3431da67a0c5a65a949506", size = 32748, upload-time = "2022-12-20T09:06:51.58Z" }
wheels = [
    { url = "https://files.pythonhosted.org/packages/8f/29/38d10a47b322a77b2d12c2b79c789f52956f733cb701d4d5157c76b5f238/asgiref-3.6.0-py3-none-any.whl", hash = "sha256:71e68008da809b957b7ee4b43dbccff33d1b23519fb8344e33f049897077afac", size = 23105, upload-time = "2022-12-20T09:06:49.899Z" },
]

[[package]]
name = "certifi"
version = "2022.12.7"
source = { registry = "https://pypi.org/simple" }
sdist = { url = "https://files.pythonhosted.org/packages/37/f7/2b1b0ec44fdc30a3d31dfebe52226be9ddc40cd6c0f34ffc8923ba423b69/certifi-2022.12.7.tar.gz", hash = "sha256:35824b4c3a97115964b408844d64aa14db1cc518f6562e8d7261699d1350a9e3", size = 156897, upload-time = "2022-12-07T20:13:22.081Z" }
wheels = [
    { url = "https://files.pythonhosted.org/packages/71/4c/3db2b8021bd6f2f0ceb0e088d6b2d49147671f25832fb17970e9b583d742/certifi-2022.12.7-py3-none-any.whl", hash = "sha256:4ad3232f5e926d6718ec31cfc1fcadfde020920e278684144551c91769c7bc18", size = 155255, upload-time = "2022-12-07T20:13:19.428Z" },
]

[[package]]
name = "cffi"
version = "1.17.0"
source = { registry = "https://pypi.org/simple" }
dependencies = [
    { name = "pycparser" },
]
sdist = { url = "https://files.pythonhosted.org/packages/1e/bf/82c351342972702867359cfeba5693927efe0a8dd568165490144f554b18/cffi-1.17.0.tar.gz", hash = "sha256:f3157624b7558b914cb039fd1af735e5e8049a87c817cc215109ad1c8779df76", size = 516073, upload-time = "2024-08-06T17:48:39.225Z" }
wheels = [
    { url = "https://files.pythonhosted.org/packages/17/8f/581f2f3c3464d5f7cf87c2f7a5ba9acc6976253e02d73804240964243ec2/cffi-1.17.0-cp313-cp313-macosx_10_13_x86_64.whl", hash = "sha256:6ce01337d23884b21c03869d2f68c5523d43174d4fc405490eb0091057943118", size = 182638, upload-time = "2024-08-06T17:47:39.858Z" },
    { url = "https://files.pythonhosted.org/packages/8d/1c/c9afa66684b7039f48018eb11b229b659dfb32b7a16b88251bac106dd1ff/cffi-1.17.0-cp313-cp313-macosx_11_0_arm64.whl", hash = "sha256:cab2eba3830bf4f6d91e2d6718e0e1c14a2f5ad1af68a89d24ace0c6b17cced7", size = 178453, upload-time = "2024-08-06T17:47:41.813Z" },
    { url = "https://files.pythonhosted.org/packages/cc/b6/1a134d479d3a5a1ff2fabbee551d1d3f1dd70f453e081b5f70d604aae4c0/cffi-1.17.0-cp313-cp313-manylinux_2_12_i686.manylinux2010_i686.manylinux_2_17_i686.manylinux2014_i686.whl", hash = "sha256:14b9cbc8f7ac98a739558eb86fabc283d4d564dafed50216e7f7ee62d0d25377", size = 454441, upload-time = "2024-08-06T17:47:43.735Z" },
    { url = "https://files.pythonhosted.org/packages/b1/b4/e1569475d63aad8042b0935dbf62ae2a54d1e9142424e2b0e924d2d4a529/cffi-1.17.0-cp313-cp313-manylinux_2_17_aarch64.manylinux2014_aarch64.whl", hash = "sha256:b00e7bcd71caa0282cbe3c90966f738e2db91e64092a877c3ff7f19a1628fdcb", size = 478543, upload-time = "2024-08-06T17:47:45.641Z" },
    { url = "https://files.pythonhosted.org/packages/d2/40/a9ad03fbd64309dec5bb70bc803a9a6772602de0ee164d7b9a6ca5a89249/cffi-1.17.0-cp313-cp313-manylinux_2_17_ppc64le.manylinux2014_ppc64le.whl", hash = "sha256:41f4915e09218744d8bae14759f983e466ab69b178de38066f7579892ff2a555", size = 485463, upload-time = "2024-08-06T17:47:47.45Z" },
    { url = "https://files.pythonhosted.org/packages/a6/1a/f10be60e006dd9242a24bcc2b1cd55c34c578380100f742d8c610f7a5d26/cffi-1.17.0-cp313-cp313-manylinux_2_17_s390x.manylinux2014_s390x.whl", hash = "sha256:e4760a68cab57bfaa628938e9c2971137e05ce48e762a9cb53b76c9b569f1204", size = 470854, upload-time = "2024-08-06T17:47:49.179Z" },
    { url = "https://files.pythonhosted.org/packages/cc/b3/c035ed21aa3d39432bd749fe331ee90e4bc83ea2dbed1f71c4bc26c41084/cffi-1.17.0-cp313-cp313-manylinux_2_17_x86_64.manylinux2014_x86_64.whl", hash = "sha256:011aff3524d578a9412c8b3cfaa50f2c0bd78e03eb7af7aa5e0df59b158efb2f", size = 479096, upload-time = "2024-08-06T17:47:51.596Z" },
    { url = "https://files.pythonhosted.org/packages/00/cb/6f7edde01131de9382c89430b8e253b8c8754d66b63a62059663ceafeab2/cffi-1.17.0-cp313-cp313-musllinux_1_1_aarch64.whl", hash = "sha256:a003ac9edc22d99ae1286b0875c460351f4e101f8c9d9d2576e78d7e048f64e0", size = 484013, upload-time = "2024-08-06T17:47:53.888Z" },
    { url = "https://files.pythonhosted.org/packages/b9/83/8e4e8c211ea940210d293e951bf06b1bfb90f2eeee590e9778e99b4a8676/cffi-1.17.0-cp313-cp313-musllinux_1_1_x86_64.whl", hash = "sha256:ef9528915df81b8f4c7612b19b8628214c65c9b7f74db2e34a646a0a2a0da2d4", size = 488119, upload-time = "2024-08-06T17:47:55.618Z" },
    { url = "https://files.pythonhosted.org/packages/5e/52/3f7cfbc4f444cb4f73ff17b28690d12436dde665f67d68f1e1687908ab6c/cffi-1.17.0-cp313-cp313-win32.whl", hash = "sha256:70d2aa9fb00cf52034feac4b913181a6e10356019b18ef89bc7c12a283bf5f5a", size = 172122, upload-time = "2024-08-06T17:47:57.316Z" },
    { url = "https://files.pythonhosted.org/packages/94/19/cf5baa07ee0f0e55eab7382459fbddaba0fdb0ba45973dd92556ae0d02db/cffi-1.17.0-cp313-cp313-win_amd64.whl", hash = "sha256:b7b6ea9e36d32582cda3465f54c4b454f62f23cb083ebc7a94e2ca6ef011c3a7", size = 181504, upload-time = "2024-08-06T17:47:59.05Z" },
]

[[package]]
name = "charset-normalizer"
version = "3.0.1"
source = { registry = "https://pypi.org/simple" }
sdist = { url = "https://files.pythonhosted.org/packages/96/d7/1675d9089a1f4677df5eb29c3f8b064aa1e70c1251a0a8a127803158942d/charset-normalizer-3.0.1.tar.gz", hash = "sha256:ebea339af930f8ca5d7a699b921106c6e29c617fe9606fa7baa043c1cdae326f", size = 92842, upload-time = "2022-11-18T08:18:31.097Z" }
wheels = [
    { url = "https://files.pythonhosted.org/packages/68/2b/02e9d6a98ddb73fa238d559a9edcc30b247b8dc4ee848b6184c936e99dc0/charset_normalizer-3.0.1-py3-none-any.whl", hash = "sha256:7e189e2e1d3ed2f4aebabd2d5b0f931e883676e51c7624826e0a4e5fe8a0bf24", size = 45489, upload-time = "2022-11-18T08:18:29.97Z" },
]

[[package]]
name = "cryptography"
version = "43.0.0"
source = { registry = "https://pypi.org/simple" }
dependencies = [
    { name = "cffi", marker = "platform_python_implementation != 'PyPy'" },
]
sdist = { url = "https://files.pythonhosted.org/packages/69/ec/9fb9dcf4f91f0e5e76de597256c43eedefd8423aa59be95c70c4c3db426a/cryptography-43.0.0.tar.gz", hash = "sha256:b88075ada2d51aa9f18283532c9f60e72170041bba88d7f37e49cbb10275299e", size = 686873, upload-time = "2024-07-20T16:39:26.235Z" }
wheels = [
    { url = "https://files.pythonhosted.org/packages/d3/46/dcd2eb6840b9452e7fbc52720f3dc54a85eb41e68414733379e8f98e3275/cryptography-43.0.0-cp37-abi3-macosx_10_9_universal2.whl", hash = "sha256:64c3f16e2a4fc51c0d06af28441881f98c5d91009b8caaff40cf3548089e9c74", size = 6239718, upload-time = "2024-07-20T16:38:48.159Z" },
    { url = "https://files.pythonhosted.org/packages/e8/23/b0713319edff1d8633775b354f8b34a476e4dd5f4cd4b91e488baec3361a/cryptography-43.0.0-cp37-abi3-manylinux_2_17_aarch64.manylinux2014_aarch64.whl", hash = "sha256:3dcdedae5c7710b9f97ac6bba7e1052b95c7083c9d0e9df96e02a1932e777895", size = 3808466, upload-time = "2024-07-20T16:39:03.912Z" },
    { url = "https://files.pythonhosted.org/packages/77/9d/0b98c73cebfd41e4fb0439fe9ce08022e8d059f51caa7afc8934fc1edcd9/cryptography-43.0.0-cp37-abi3-manylinux_2_17_x86_64.manylinux2014_x86_64.whl", hash = "sha256:3d9a1eca329405219b605fac09ecfc09ac09e595d6def650a437523fcd08dd22", size = 3998060, upload-time = "2024-07-20T16:39:15.147Z" },
    { url = "https://files.pythonhosted.org/packages/ae/71/e073795d0d1624847f323481f7d84855f699172a632aa37646464b0e1712/cryptography-43.0.0-cp37-abi3-manylinux_2_28_aarch64.whl", hash = "sha256:ea9e57f8ea880eeea38ab5abf9fbe39f923544d7884228ec67d666abd60f5a47", size = 3792596, upload-time = "2024-07-20T16:38:16.338Z" },
    { url = "https://files.pythonhosted.org/packages/83/25/439a8ddd8058e7f898b7d27c36f94b66c8c8a2d60e1855d725845f4be0bc/cryptography-43.0.0-cp37-abi3-manylinux_2_28_x86_64.whl", hash = "sha256:9a8d6802e0825767476f62aafed40532bd435e8a5f7d23bd8b4f5fd04cc80ecf", size = 4008355, upload-time = "2024-07-20T16:38:18.882Z" },
    { url = "https://files.pythonhosted.org/packages/c7/a2/1607f1295eb2c30fcf2c07d7fd0c3772d21dcdb827de2b2730b02df0af51/cryptography-43.0.0-cp37-abi3-musllinux_1_2_aarch64.whl", hash = "sha256:cc70b4b581f28d0a254d006f26949245e3657d40d8857066c2ae22a61222ef55", size = 3899133, upload-time = "2024-07-20T16:38:04.881Z" },
    { url = "https://files.pythonhosted.org/packages/5e/64/f41f42ddc9c583737c9df0093affb92c61de7d5b0d299bf644524afe31c1/cryptography-43.0.0-cp37-abi3-musllinux_1_2_x86_64.whl", hash = "sha256:4a997df8c1c2aae1e1e5ac49c2e4f610ad037fc5a3aadc7b64e39dea42249431", size = 4096946, upload-time = "2024-07-20T16:38:51.136Z" },
    { url = "https://files.pythonhosted.org/packages/cd/cd/d165adcf3e707d6a049d44ade6ca89973549bed0ab3686fa49efdeefea53/cryptography-43.0.0-cp37-abi3-win32.whl", hash = "sha256:6e2b11c55d260d03a8cf29ac9b5e0608d35f08077d8c087be96287f43af3ccdc", size = 2616826, upload-time = "2024-07-20T16:38:59.195Z" },
    { url = "https://files.pythonhosted.org/packages/f9/b7/38924229e84c41b0e88d7a5eed8a29d05a44364f85fbb9ddb3984b746fd2/cryptography-43.0.0-cp37-abi3-win_amd64.whl", hash = "sha256:31e44a986ceccec3d0498e16f3d27b2ee5fdf69ce2ab89b52eaad1d2f33d8778", size = 3078700, upload-time = "2024-07-20T16:38:11.026Z" },
    { url = "https://files.pythonhosted.org/packages/66/d7/397515233e6a861f921bd0365b162b38e0cc513fcf4f1bdd9cc7bc5a3384/cryptography-43.0.0-cp39-abi3-macosx_10_9_universal2.whl", hash = "sha256:7b3f5fe74a5ca32d4d0f302ffe6680fcc5c28f8ef0dc0ae8f40c0f3a1b4fca66", size = 6242814, upload-time = "2024-07-20T16:38:43.504Z" },
    { url = "https://files.pythonhosted.org/packages/58/aa/99b2c00a4f54c60d210d6d1759c720ecf28305aa32d6fb1bb1853f415be6/cryptography-43.0.0-cp39-abi3-manylinux_2_17_aarch64.manylinux2014_aarch64.whl", hash = "sha256:ac1955ce000cb29ab40def14fd1bbfa7af2017cca696ee696925615cafd0dce5", size = 3809467, upload-time = "2024-07-20T16:38:45.781Z" },
    { url = "https://files.pythonhosted.org/packages/76/eb/ab783b47b3b9b55371b4361c7ec695144bde1a3343ff2b7a8c1d8fe617bb/cryptography-43.0.0-cp39-abi3-manylinux_2_17_x86_64.manylinux2014_x86_64.whl", hash = "sha256:299d3da8e00b7e2b54bb02ef58d73cd5f55fb31f33ebbf33bd00d9aa6807df7e", size = 3998617, upload-time = "2024-07-20T16:39:06.257Z" },
    { url = "https://files.pythonhosted.org/packages/a3/62/62770f34290ebb1b6542bd3f13b3b102875b90aed4804e296f8d2a5ac6d7/cryptography-43.0.0-cp39-abi3-manylinux_2_28_aarch64.whl", hash = "sha256:ee0c405832ade84d4de74b9029bedb7b31200600fa524d218fc29bfa371e97f5", size = 3794003, upload-time = "2024-07-20T16:38:34.888Z" },
    { url = "https://files.pythonhosted.org/packages/0f/6c/b42660b3075ff543065b2c1c5a3d9bedaadcff8ebce2ee981be2babc2934/cryptography-43.0.0-cp39-abi3-manylinux_2_28_x86_64.whl", hash = "sha256:cb013933d4c127349b3948aa8aaf2f12c0353ad0eccd715ca789c8a0f671646f", size = 4008774, upload-time = "2024-07-20T16:38:56.287Z" },
    { url = "https://files.pythonhosted.org/packages/f7/74/028cea86db9315ba3f991e307adabf9f0aa15067011137c38b2fb2aa16eb/cryptography-43.0.0-cp39-abi3-musllinux_1_2_aarch64.whl", hash = "sha256:fdcb265de28585de5b859ae13e3846a8e805268a823a12a4da2597f1f5afc9f0", size = 3900098, upload-time = "2024-07-20T16:38:40.67Z" },
    { url = "https://files.pythonhosted.org/packages/bd/f6/e4387edb55563e2546028ba4c634522fe727693d3cdd9ec0ecacedc75411/cryptography-43.0.0-cp39-abi3-musllinux_1_2_x86_64.whl", hash = "sha256:2905ccf93a8a2a416f3ec01b1a7911c3fe4073ef35640e7ee5296754e30b762b", size = 4096867, upload-time = "2024-07-20T16:38:13.527Z" },
    { url = "https://files.pythonhosted.org/packages/ce/61/55560405e75432bdd9f6cf72fa516cab623b83a3f6d230791bc8fc4afeee/cryptography-43.0.0-cp39-abi3-win32.whl", hash = "sha256:47ca71115e545954e6c1d207dd13461ab81f4eccfcb1345eac874828b5e3eaaf", size = 2616481, upload-time = "2024-07-20T16:39:09.014Z" },
    { url = "https://files.pythonhosted.org/packages/e6/3d/696e7a0f04555c58a2813d47aaa78cb5ba863c1f453c74a4f45ae772b054/cryptography-43.0.0-cp39-abi3-win_amd64.whl", hash = "sha256:0663585d02f76929792470451a5ba64424acc3cd5227b03921dab0e2f27b1709", size = 3081462, upload-time = "2024-07-20T16:38:32.225Z" },
]

[[package]]
name = "django"
version = "4.2.15"
source = { registry = "https://pypi.org/simple" }
dependencies = [
    { name = "asgiref" },
    { name = "sqlparse" },
    { name = "tzdata", marker = "sys_platform == 'win32'" },
]
sdist = { url = "https://files.pythonhosted.org/packages/01/1e/d6306fb0a4f44ed9d12430953786747d609c85258c74c545fdc2b37f5a83/Django-4.2.15.tar.gz", hash = "sha256:c77f926b81129493961e19c0e02188f8d07c112a1162df69bfab178ae447f94a", size = 10418066, upload-time = "2024-08-06T13:16:42.19Z" }
wheels = [
    { url = "https://files.pythonhosted.org/packages/0e/77/86af525feb6a9951d2bc96371ae3652f11bb35933b21966abc594f777956/Django-4.2.15-py3-none-any.whl", hash = "sha256:61ee4a130efb8c451ef3467c67ca99fdce400fedd768634efc86a68c18d80d30", size = 7992797, upload-time = "2024-08-06T13:16:35.691Z" },
]

[[package]]
name = "django-allauth"
version = "64.1.0"
source = { registry = "https://pypi.org/simple" }
dependencies = [
    { name = "django" },
]
sdist = { url = "https://files.pythonhosted.org/packages/3c/d0/89ed4957a6d857b57cad87bbcd567f5bc7480e6fe4fb3982e97eca304b15/django_allauth-64.1.0.tar.gz", hash = "sha256:713bfc410021140aefae0f04eeaac5d50ebedad7abaf43174670a9ec002c595c", size = 1205137, upload-time = "2024-08-15T14:51:52.52Z" }

[[package]]
name = "django-prometheus"
version = "2.3.1"
source = { registry = "https://pypi.org/simple" }
dependencies = [
    { name = "prometheus-client" },
]
sdist = { url = "https://files.pythonhosted.org/packages/e1/51/485b4122e00f2b8efec8a6d718ef4ce6b150231e49398e554ce1151f65c3/django-prometheus-2.3.1.tar.gz", hash = "sha256:f9c8b6c780c9419ea01043c63a437d79db2c33353451347894408184ad9c3e1e", size = 24718, upload-time = "2023-05-02T19:53:58.42Z" }
wheels = [
    { url = "https://files.pythonhosted.org/packages/3a/75/fb3d4f056f9ed4f8848817d5afd7a1d949632ab117452ccd179e3839cfc4/django_prometheus-2.3.1-py2.py3-none-any.whl", hash = "sha256:cf9b26f7ba2e4568f08f8f91480a2882023f5908579681bcf06a4d2465f12168", size = 29081, upload-time = "2023-05-02T19:53:20.421Z" },
]

[[package]]
name = "django-ranged-response"
version = "0.2.0"
source = { registry = "https://pypi.org/simple" }
dependencies = [
    { name = "django" },
]
sdist = { url = "https://files.pythonhosted.org/packages/70/e3/9372fcdca8e9c3205e7979528ccd1a14354a9a24d38efff11c1846ff8bf1/django-ranged-response-0.2.0.tar.gz", hash = "sha256:f71fff352a37316b9bead717fc76e4ddd6c9b99c4680cdf4783b9755af1cf985", size = 3021, upload-time = "2017-07-18T09:20:27.603Z" }

[[package]]
name = "django-simple-captcha"
version = "0.6.0"
source = { registry = "https://pypi.org/simple" }
dependencies = [
    { name = "django" },
    { name = "django-ranged-response" },
    { name = "pillow" },
]
sdist = { url = "https://files.pythonhosted.org/packages/1b/66/e9dbc3a1fe6569b29d8835beed94faf058ab8263154929f5fb5cd26f43aa/django-simple-captcha-0.6.0.tar.gz", hash = "sha256:d188516d326fadd2d5ad076eb89649d55c02cabafe3fdcc2154ac18e9f6d4b97", size = 120602, upload-time = "2023-12-04T15:28:05.23Z" }
wheels = [
    { url = "https://files.pythonhosted.org/packages/f0/fa/83160be2a72b98ebc04405351cb46a8e74c4468b0bcbdeceece266b94ca7/django_simple_captcha-0.6.0-py2.py3-none-any.whl", hash = "sha256:3ae9a7e650cb0cdbcfd4a75aa91fdf25dcc523ef541a7b1f004bd4357798fc03", size = 92268, upload-time = "2023-12-04T15:28:03.281Z" },
]

[[package]]
name = "django-smtp-ssl"
version = "1.0"
source = { registry = "https://pypi.org/simple" }
sdist = { url = "https://files.pythonhosted.org/packages/b9/30/ac1225fe468a66a4899804ab84c3f327f8c03e98939ae1105a6cd0dd4374/django-smtp-ssl-1.0.zip", hash = "sha256:282863d5905e03686b6555ac788aa732842695d6f9cf1dcfa66d898abb7565d0", size = 1427, upload-time = "2011-12-01T18:32:35.381Z" }

[[package]]
name = "django-utils-six"
version = "2.0"
source = { registry = "https://pypi.org/simple" }
sdist = { url = "https://files.pythonhosted.org/packages/be/45/ff0d0118afd6b44496ec784a978ed6586a3b744444cb06e7cfd70dd02b3b/django-utils-six-2.0.tar.gz", hash = "sha256:4ef9d20de679a5b2448429476452493661fe08f23d6e788a8e9816ec05e3c5b0", size = 9794, upload-time = "2020-06-17T14:57:27.323Z" }
wheels = [
    { url = "https://files.pythonhosted.org/packages/64/0a/3d7bcdf6a572d2367355d762bc90df1c983bd25567026336d4e6f0bc69c8/django_utils_six-2.0-py3-none-any.whl", hash = "sha256:8f0e77289d911069a6a15bab5a25ccf2c0fcb8fc4177461dd17470cfdeb94aa6", size = 10032, upload-time = "2020-06-17T14:57:30.457Z" },
]

[[package]]
name = "gunicorn"
version = "20.1.0"
source = { registry = "https://pypi.org/simple" }
dependencies = [
    { name = "setuptools" },
]
sdist = { url = "https://files.pythonhosted.org/packages/28/5b/0d1f0296485a6af03366604142ea8f19f0833894db3512a40ed07b2a56dd/gunicorn-20.1.0.tar.gz", hash = "sha256:e0a968b5ba15f8a328fdfd7ab1fcb5af4470c28aaf7e55df02a99bc13138e6e8", size = 370601, upload-time = "2021-03-27T01:54:37.202Z" }
wheels = [
    { url = "https://files.pythonhosted.org/packages/e4/dd/5b190393e6066286773a67dfcc2f9492058e9b57c4867a95f1ba5caf0a83/gunicorn-20.1.0-py3-none-any.whl", hash = "sha256:9dcc4547dbb1cb284accfb15ab5667a0e5d1881cc443e0677b4882a4067a807e", size = 79531, upload-time = "2021-04-27T12:16:23.375Z" },
]

[[package]]
name = "idna"
version = "3.4"
source = { registry = "https://pypi.org/simple" }
sdist = { url = "https://files.pythonhosted.org/packages/8b/e1/43beb3d38dba6cb420cefa297822eac205a277ab43e5ba5d5c46faf96438/idna-3.4.tar.gz", hash = "sha256:814f528e8dead7d329833b91c5faa87d60bf71824cd12a7530b5526063d02cb4", size = 183077, upload-time = "2022-09-14T00:24:27.719Z" }
wheels = [
    { url = "https://files.pythonhosted.org/packages/fc/34/3030de6f1370931b9dbb4dad48f6ab1015ab1d32447850b9fc94e60097be/idna-3.4-py3-none-any.whl", hash = "sha256:90b77e79eaa3eba6de819a0c442c0b4ceefc341a7a2ab77d7562bf49f425c5c2", size = 61538, upload-time = "2022-09-14T00:24:23.22Z" },
]

[[package]]
name = "oauthlib"
version = "3.2.2"
source = { registry = "https://pypi.org/simple" }
sdist = { url = "https://files.pythonhosted.org/packages/6d/fa/fbf4001037904031639e6bfbfc02badfc7e12f137a8afa254df6c4c8a670/oauthlib-3.2.2.tar.gz", hash = "sha256:9859c40929662bec5d64f34d01c99e093149682a3f38915dc0655d5a633dd918", size = 177352, upload-time = "2022-10-17T20:04:27.471Z" }
wheels = [
    { url = "https://files.pythonhosted.org/packages/7e/80/cab10959dc1faead58dc8384a781dfbf93cb4d33d50988f7a69f1b7c9bbe/oauthlib-3.2.2-py3-none-any.whl", hash = "sha256:8139f29aac13e25d502680e9e19963e83f16838d48a0d71c287fe40e7067fbca", size = 151688, upload-time = "2022-10-17T20:04:24.037Z" },
]

[[package]]
name = "pillow"
version = "11.1.0"
source = { registry = "https://pypi.org/simple" }
sdist = { url = "https://files.pythonhosted.org/packages/f3/af/c097e544e7bd278333db77933e535098c259609c4eb3b85381109602fb5b/pillow-11.1.0.tar.gz", hash = "sha256:368da70808b36d73b4b390a8ffac11069f8a5c85f29eff1f1b01bcf3ef5b2a20", size = 46742715, upload-time = "2025-01-02T08:13:58.407Z" }
wheels = [
    { url = "https://files.pythonhosted.org/packages/b3/31/9ca79cafdce364fd5c980cd3416c20ce1bebd235b470d262f9d24d810184/pillow-11.1.0-cp313-cp313-macosx_10_13_x86_64.whl", hash = "sha256:ae98e14432d458fc3de11a77ccb3ae65ddce70f730e7c76140653048c71bfcbc", size = 3226640, upload-time = "2025-01-02T08:11:58.329Z" },
    { url = "https://files.pythonhosted.org/packages/ac/0f/ff07ad45a1f172a497aa393b13a9d81a32e1477ef0e869d030e3c1532521/pillow-11.1.0-cp313-cp313-macosx_11_0_arm64.whl", hash = "sha256:cc1331b6d5a6e144aeb5e626f4375f5b7ae9934ba620c0ac6b3e43d5e683a0f0", size = 3101437, upload-time = "2025-01-02T08:12:01.797Z" },
    { url = "https://files.pythonhosted.org/packages/08/2f/9906fca87a68d29ec4530be1f893149e0cb64a86d1f9f70a7cfcdfe8ae44/pillow-11.1.0-cp313-cp313-manylinux_2_17_aarch64.manylinux2014_aarch64.whl", hash = "sha256:758e9d4ef15d3560214cddbc97b8ef3ef86ce04d62ddac17ad39ba87e89bd3b1", size = 4326605, upload-time = "2025-01-02T08:12:05.224Z" },
    { url = "https://files.pythonhosted.org/packages/b0/0f/f3547ee15b145bc5c8b336401b2d4c9d9da67da9dcb572d7c0d4103d2c69/pillow-11.1.0-cp313-cp313-manylinux_2_17_x86_64.manylinux2014_x86_64.whl", hash = "sha256:b523466b1a31d0dcef7c5be1f20b942919b62fd6e9a9be199d035509cbefc0ec", size = 4411173, upload-time = "2025-01-02T08:12:08.281Z" },
    { url = "https://files.pythonhosted.org/packages/b1/df/bf8176aa5db515c5de584c5e00df9bab0713548fd780c82a86cba2c2fedb/pillow-11.1.0-cp313-cp313-manylinux_2_28_aarch64.whl", hash = "sha256:9044b5e4f7083f209c4e35aa5dd54b1dd5b112b108648f5c902ad586d4f945c5", size = 4369145, upload-time = "2025-01-02T08:12:11.411Z" },
    { url = "https://files.pythonhosted.org/packages/de/7c/7433122d1cfadc740f577cb55526fdc39129a648ac65ce64db2eb7209277/pillow-11.1.0-cp313-cp313-manylinux_2_28_x86_64.whl", hash = "sha256:3764d53e09cdedd91bee65c2527815d315c6b90d7b8b79759cc48d7bf5d4f114", size = 4496340, upload-time = "2025-01-02T08:12:15.29Z" },
    { url = "https://files.pythonhosted.org/packages/25/46/dd94b93ca6bd555588835f2504bd90c00d5438fe131cf01cfa0c5131a19d/pillow-11.1.0-cp313-cp313-musllinux_1_2_aarch64.whl", hash = "sha256:31eba6bbdd27dde97b0174ddf0297d7a9c3a507a8a1480e1e60ef914fe23d352", size = 4296906, upload-time = "2025-01-02T08:12:17.485Z" },
    { url = "https://files.pythonhosted.org/packages/a8/28/2f9d32014dfc7753e586db9add35b8a41b7a3b46540e965cb6d6bc607bd2/pillow-11.1.0-cp313-cp313-musllinux_1_2_x86_64.whl", hash = "sha256:b5d658fbd9f0d6eea113aea286b21d3cd4d3fd978157cbf2447a6035916506d3", size = 4431759, upload-time = "2025-01-02T08:12:20.382Z" },
    { url = "https://files.pythonhosted.org/packages/33/48/19c2cbe7403870fbe8b7737d19eb013f46299cdfe4501573367f6396c775/pillow-11.1.0-cp313-cp313-win32.whl", hash = "sha256:f86d3a7a9af5d826744fabf4afd15b9dfef44fe69a98541f666f66fbb8d3fef9", size = 2291657, upload-time = "2025-01-02T08:12:23.922Z" },
    { url = "https://files.pythonhosted.org/packages/3b/ad/285c556747d34c399f332ba7c1a595ba245796ef3e22eae190f5364bb62b/pillow-11.1.0-cp313-cp313-win_amd64.whl", hash = "sha256:593c5fd6be85da83656b93ffcccc2312d2d149d251e98588b14fbc288fd8909c", size = 2626304, upload-time = "2025-01-02T08:12:28.069Z" },
    { url = "https://files.pythonhosted.org/packages/e5/7b/ef35a71163bf36db06e9c8729608f78dedf032fc8313d19bd4be5c2588f3/pillow-11.1.0-cp313-cp313-win_arm64.whl", hash = "sha256:11633d58b6ee5733bde153a8dafd25e505ea3d32e261accd388827ee987baf65", size = 2375117, upload-time = "2025-01-02T08:12:30.064Z" },
    { url = "https://files.pythonhosted.org/packages/79/30/77f54228401e84d6791354888549b45824ab0ffde659bafa67956303a09f/pillow-11.1.0-cp313-cp313t-macosx_10_13_x86_64.whl", hash = "sha256:70ca5ef3b3b1c4a0812b5c63c57c23b63e53bc38e758b37a951e5bc466449861", size = 3230060, upload-time = "2025-01-02T08:12:32.362Z" },
    { url = "https://files.pythonhosted.org/packages/ce/b1/56723b74b07dd64c1010fee011951ea9c35a43d8020acd03111f14298225/pillow-11.1.0-cp313-cp313t-macosx_11_0_arm64.whl", hash = "sha256:8000376f139d4d38d6851eb149b321a52bb8893a88dae8ee7d95840431977081", size = 3106192, upload-time = "2025-01-02T08:12:34.361Z" },
    { url = "https://files.pythonhosted.org/packages/e1/cd/7bf7180e08f80a4dcc6b4c3a0aa9e0b0ae57168562726a05dc8aa8fa66b0/pillow-11.1.0-cp313-cp313t-manylinux_2_17_x86_64.manylinux2014_x86_64.whl", hash = "sha256:9ee85f0696a17dd28fbcfceb59f9510aa71934b483d1f5601d1030c3c8304f3c", size = 4446805, upload-time = "2025-01-02T08:12:36.99Z" },
    { url = "https://files.pythonhosted.org/packages/97/42/87c856ea30c8ed97e8efbe672b58c8304dee0573f8c7cab62ae9e31db6ae/pillow-11.1.0-cp313-cp313t-manylinux_2_28_x86_64.whl", hash = "sha256:dd0e081319328928531df7a0e63621caf67652c8464303fd102141b785ef9547", size = 4530623, upload-time = "2025-01-02T08:12:41.912Z" },
    { url = "https://files.pythonhosted.org/packages/ff/41/026879e90c84a88e33fb00cc6bd915ac2743c67e87a18f80270dfe3c2041/pillow-11.1.0-cp313-cp313t-musllinux_1_2_x86_64.whl", hash = "sha256:e63e4e5081de46517099dc30abe418122f54531a6ae2ebc8680bcd7096860eab", size = 4465191, upload-time = "2025-01-02T08:12:45.186Z" },
    { url = "https://files.pythonhosted.org/packages/e5/fb/a7960e838bc5df57a2ce23183bfd2290d97c33028b96bde332a9057834d3/pillow-11.1.0-cp313-cp313t-win32.whl", hash = "sha256:dda60aa465b861324e65a78c9f5cf0f4bc713e4309f83bc387be158b077963d9", size = 2295494, upload-time = "2025-01-02T08:12:47.098Z" },
    { url = "https://files.pythonhosted.org/packages/d7/6c/6ec83ee2f6f0fda8d4cf89045c6be4b0373ebfc363ba8538f8c999f63fcd/pillow-11.1.0-cp313-cp313t-win_amd64.whl", hash = "sha256:ad5db5781c774ab9a9b2c4302bbf0c1014960a0a7be63278d13ae6fdf88126fe", size = 2631595, upload-time = "2025-01-02T08:12:50.47Z" },
    { url = "https://files.pythonhosted.org/packages/cf/6c/41c21c6c8af92b9fea313aa47c75de49e2f9a467964ee33eb0135d47eb64/pillow-11.1.0-cp313-cp313t-win_arm64.whl", hash = "sha256:67cd427c68926108778a9005f2a04adbd5e67c442ed21d95389fe1d595458756", size = 2377651, upload-time = "2025-01-02T08:12:53.356Z" },
]

[[package]]
name = "prometheus-client"
version = "0.17.1"
source = { registry = "https://pypi.org/simple" }
sdist = { url = "https://files.pythonhosted.org/packages/f5/05/aee33352594522c56eb4a4382b5acd9a706a030db9ba2fc3dc38a283e75c/prometheus_client-0.17.1.tar.gz", hash = "sha256:21e674f39831ae3f8acde238afd9a27a37d0d2fb5a28ea094f0ce25d2cbf2091", size = 90360, upload-time = "2023-07-10T21:20:18.25Z" }
wheels = [
    { url = "https://files.pythonhosted.org/packages/ad/b3/6e18c89bf6bd120590ea538a62cae16dc763ff2745b18377c4be5495c4aa/prometheus_client-0.17.1-py3-none-any.whl", hash = "sha256:e537f37160f6807b8202a6fc4764cdd19bac5480ddd3e0d463c3002b34462101", size = 60601, upload-time = "2023-07-10T21:20:16.034Z" },
]

[[package]]
name = "psycopg2-binary"
version = "2.9.11"
source = { registry = "https://pypi.org/simple" }
sdist = { url = "https://files.pythonhosted.org/packages/ac/6c/8767aaa597ba424643dc87348c6f1754dd9f48e80fdc1b9f7ca5c3a7c213/psycopg2-binary-2.9.11.tar.gz", hash = "sha256:b6aed9e096bf63f9e75edf2581aa9a7e7186d97ab5c177aa6c87797cd591236c", size = 379620, upload-time = "2025-10-10T11:14:48.041Z" }
wheels = [
    { url = "https://files.pythonhosted.org/packages/ff/a8/a2709681b3ac11b0b1786def10006b8995125ba268c9a54bea6f5ae8bd3e/psycopg2_binary-2.9.11-cp313-cp313-macosx_10_13_x86_64.whl", hash = "sha256:b8fb3db325435d34235b044b199e56cdf9ff41223a4b9752e8576465170bb38c", size = 3756572, upload-time = "2025-10-10T11:12:32.873Z" },
    { url = "https://files.pythonhosted.org/packages/62/e1/c2b38d256d0dafd32713e9f31982a5b028f4a3651f446be70785f484f472/psycopg2_binary-2.9.11-cp313-cp313-macosx_11_0_arm64.whl", hash = "sha256:366df99e710a2acd90efed3764bb1e28df6c675d33a7fb40df9b7281694432ee", size = 3864529, upload-time = "2025-10-10T11:12:36.791Z" },
    { url = "https://files.pythonhosted.org/packages/11/32/b2ffe8f3853c181e88f0a157c5fb4e383102238d73c52ac6d93a5c8bffe6/psycopg2_binary-2.9.11-cp313-cp313-manylinux2014_aarch64.manylinux_2_17_aarch64.whl", hash = "sha256:8c55b385daa2f92cb64b12ec4536c66954ac53654c7f15a203578da4e78105c0", size = 4411242, upload-time = "2025-10-10T11:12:42.388Z" },
    { url = "https://files.pythonhosted.org/packages/10/04/6ca7477e6160ae258dc96f67c371157776564679aefd247b66f4661501a2/psycopg2_binary-2.9.11-cp313-cp313-manylinux2014_ppc64le.manylinux_2_17_ppc64le.whl", hash = "sha256:c0377174bf1dd416993d16edc15357f6eb17ac998244cca19bc67cdc0e2e5766", size = 4468258, upload-time = "2025-10-10T11:12:48.654Z" },
    { url = "https://files.pythonhosted.org/packages/3c/7e/6a1a38f86412df101435809f225d57c1a021307dd0689f7a5e7fe83588b1/psycopg2_binary-2.9.11-cp313-cp313-manylinux2014_x86_64.manylinux_2_17_x86_64.whl", hash = "sha256:5c6ff3335ce08c75afaed19e08699e8aacf95d4a260b495a4a8545244fe2ceb3", size = 4166295, upload-time = "2025-10-10T11:12:52.525Z" },
    { url = "https://files.pythonhosted.org/packages/f2/7d/c07374c501b45f3579a9eb761cbf2604ddef3d96ad48679112c2c5aa9c25/psycopg2_binary-2.9.11-cp313-cp313-manylinux_2_38_riscv64.manylinux_2_39_riscv64.whl", hash = "sha256:84011ba3109e06ac412f95399b704d3d6950e386b7994475b231cf61eec2fc1f", size = 3983133, upload-time = "2025-10-30T02:55:24.329Z" },
    { url = "https://files.pythonhosted.org/packages/82/56/993b7104cb8345ad7d4516538ccf8f0d0ac640b1ebd8c754a7b024e76878/psycopg2_binary-2.9.11-cp313-cp313-musllinux_1_2_aarch64.whl", hash = "sha256:ba34475ceb08cccbdd98f6b46916917ae6eeb92b5ae111df10b544c3a4621dc4", size = 3652383, upload-time = "2025-10-10T11:12:56.387Z" },
    { url = "https://files.pythonhosted.org/packages/2d/ac/eaeb6029362fd8d454a27374d84c6866c82c33bfc24587b4face5a8e43ef/psycopg2_binary-2.9.11-cp313-cp313-musllinux_1_2_ppc64le.whl", hash = "sha256:b31e90fdd0f968c2de3b26ab014314fe814225b6c324f770952f7d38abf17e3c", size = 3298168, upload-time = "2025-10-10T11:13:00.403Z" },
    { url = "https://files.pythonhosted.org/packages/2b/39/50c3facc66bded9ada5cbc0de867499a703dc6bca6be03070b4e3b65da6c/psycopg2_binary-2.9.11-cp313-cp313-musllinux_1_2_riscv64.whl", hash = "sha256:d526864e0f67f74937a8fce859bd56c979f5e2ec57ca7c627f5f1071ef7fee60", size = 3044712, upload-time = "2025-10-30T02:55:27.975Z" },
    { url = "https://files.pythonhosted.org/packages/9c/8e/b7de019a1f562f72ada81081a12823d3c1590bedc48d7d2559410a2763fe/psycopg2_binary-2.9.11-cp313-cp313-musllinux_1_2_x86_64.whl", hash = "sha256:04195548662fa544626c8ea0f06561eb6203f1984ba5b4562764fbeb4c3d14b1", size = 3347549, upload-time = "2025-10-10T11:13:03.971Z" },
    { url = "https://files.pythonhosted.org/packages/80/2d/1bb683f64737bbb1f86c82b7359db1eb2be4e2c0c13b947f80efefa7d3e5/psycopg2_binary-2.9.11-cp313-cp313-win_amd64.whl", hash = "sha256:efff12b432179443f54e230fdf60de1f6cc726b6c832db8701227d089310e8aa", size = 2714215, upload-time = "2025-10-10T11:13:07.14Z" },
    { url = "https://files.pythonhosted.org/packages/64/12/93ef0098590cf51d9732b4f139533732565704f45bdc1ffa741b7c95fb54/psycopg2_binary-2.9.11-cp314-cp314-macosx_10_13_x86_64.whl", hash = "sha256:92e3b669236327083a2e33ccfa0d320dd01b9803b3e14dd986a4fc54aa00f4e1", size = 3756567, upload-time = "2025-10-10T11:13:11.885Z" },
    { url = "https://files.pythonhosted.org/packages/7c/a9/9d55c614a891288f15ca4b5209b09f0f01e3124056924e17b81b9fa054cc/psycopg2_binary-2.9.11-cp314-cp314-macosx_11_0_arm64.whl", hash = "sha256:e0deeb03da539fa3577fcb0b3f2554a97f7e5477c246098dbb18091a4a01c16f", size = 3864755, upload-time = "2025-10-10T11:13:17.727Z" },
    { url = "https://files.pythonhosted.org/packages/13/1e/98874ce72fd29cbde93209977b196a2edae03f8490d1bd8158e7f1daf3a0/psycopg2_binary-2.9.11-cp314-cp314-manylinux2014_aarch64.manylinux_2_17_aarch64.whl", hash = "sha256:9b52a3f9bb540a3e4ec0f6ba6d31339727b2950c9772850d6545b7eae0b9d7c5", size = 4411646, upload-time = "2025-10-10T11:13:24.432Z" },
    { url = "https://files.pythonhosted.org/packages/5a/bd/a335ce6645334fb8d758cc358810defca14a1d19ffbc8a10bd38a2328565/psycopg2_binary-2.9.11-cp314-cp314-manylinux2014_ppc64le.manylinux_2_17_ppc64le.whl", hash = "sha256:db4fd476874ccfdbb630a54426964959e58da4c61c9feba73e6094d51303d7d8", size = 4468701, upload-time = "2025-10-10T11:13:29.266Z" },
    { url = "https://files.pythonhosted.org/packages/44/d6/c8b4f53f34e295e45709b7568bf9b9407a612ea30387d35eb9fa84f269b4/psycopg2_binary-2.9.11-cp314-cp314-manylinux2014_x86_64.manylinux_2_17_x86_64.whl", hash = "sha256:47f212c1d3be608a12937cc131bd85502954398aaa1320cb4c14421a0ffccf4c", size = 4166293, upload-time = "2025-10-10T11:13:33.336Z" },
    { url = "https://files.pythonhosted.org/packages/4b/e0/f8cc36eadd1b716ab36bb290618a3292e009867e5c97ce4aba908cb99644/psycopg2_binary-2.9.11-cp314-cp314-manylinux_2_38_riscv64.manylinux_2_39_riscv64.whl", hash = "sha256:e35b7abae2b0adab776add56111df1735ccc71406e56203515e228a8dc07089f", size = 3983184, upload-time = "2025-10-30T02:55:32.483Z" },
    { url = "https://files.pythonhosted.org/packages/53/3e/2a8fe18a4e61cfb3417da67b6318e12691772c0696d79434184a511906dc/psycopg2_binary-2.9.11-cp314-cp314-musllinux_1_2_aarch64.whl", hash = "sha256:fcf21be3ce5f5659daefd2b3b3b6e4727b028221ddc94e6c1523425579664747", size = 3652650, upload-time = "2025-10-10T11:13:38.181Z" },
    { url = "https://files.pythonhosted.org/packages/76/36/03801461b31b29fe58d228c24388f999fe814dfc302856e0d17f97d7c54d/psycopg2_binary-2.9.11-cp314-cp314-musllinux_1_2_ppc64le.whl", hash = "sha256:9bd81e64e8de111237737b29d68039b9c813bdf520156af36d26819c9a979e5f", size = 3298663, upload-time = "2025-10-10T11:13:44.878Z" },
    { url = "https://files.pythonhosted.org/packages/97/77/21b0ea2e1a73aa5fa9222b2a6b8ba325c43c3a8d54272839c991f2345656/psycopg2_binary-2.9.11-cp314-cp314-musllinux_1_2_riscv64.whl", hash = "sha256:32770a4d666fbdafab017086655bcddab791d7cb260a16679cc5a7338b64343b", size = 3044737, upload-time = "2025-10-30T02:55:35.69Z" },
    { url = "https://files.pythonhosted.org/packages/67/69/f36abe5f118c1dca6d3726ceae164b9356985805480731ac6712a63f24f0/psycopg2_binary-2.9.11-cp314-cp314-musllinux_1_2_x86_64.whl", hash = "sha256:c3cb3a676873d7506825221045bd70e0427c905b9c8ee8d6acd70cfcbd6e576d", size = 3347643, upload-time = "2025-10-10T11:13:53.499Z" },
    { url = "https://files.pythonhosted.org/packages/e1/36/9c0c326fe3a4227953dfb29f5d0c8ae3b8eb8c1cd2967aa569f50cb3c61f/psycopg2_binary-2.9.11-cp314-cp314-win_amd64.whl", hash = "sha256:4012c9c954dfaccd28f94e84ab9f94e12df76b4afb22331b1f0d3154893a6316", size = 2803913, upload-time = "2025-10-10T11:13:57.058Z" },
]

[[package]]
name = "pycparser"
version = "2.22"
source = { registry = "https://pypi.org/simple" }
sdist = { url = "https://files.pythonhosted.org/packages/1d/b2/31537cf4b1ca988837256c910a668b553fceb8f069bedc4b1c826024b52c/pycparser-2.22.tar.gz", hash = "sha256:491c8be9c040f5390f5bf44a5b07752bd07f56edf992381b05c701439eec10f6", size = 172736, upload-time = "2024-03-30T13:22:22.564Z" }
wheels = [
    { url = "https://files.pythonhosted.org/packages/13/a3/a812df4e2dd5696d1f351d58b8fe16a405b234ad2886a0dab9183fb78109/pycparser-2.22-py3-none-any.whl", hash = "sha256:c3702b6d3dd8c7abc1afa565d7e63d53a1d0bd86cdc24edd75470f4de499cfcc", size = 117552, upload-time = "2024-03-30T13:22:20.476Z" },
]

[[package]]
name = "pyjwt"
version = "2.9.0"
source = { registry = "https://pypi.org/simple" }
sdist = { url = "https://files.pythonhosted.org/packages/fb/68/ce067f09fca4abeca8771fe667d89cc347d1e99da3e093112ac329c6020e/pyjwt-2.9.0.tar.gz", hash = "sha256:7e1e5b56cc735432a7369cbfa0efe50fa113ebecdc04ae6922deba8b84582d0c", size = 78825, upload-time = "2024-08-01T15:01:08.445Z" }
wheels = [
    { url = "https://files.pythonhosted.org/packages/79/84/0fdf9b18ba31d69877bd39c9cd6052b47f3761e9910c15de788e519f079f/PyJWT-2.9.0-py3-none-any.whl", hash = "sha256:3b02fb0f44517787776cf48f2ae25d8e14f300e6d7545a4315cee571a415e850", size = 22344, upload-time = "2024-08-01T15:01:06.481Z" },
]

[[package]]
name = "requests"
version = "2.28.2"
source = { registry = "https://pypi.org/simple" }
dependencies = [
    { name = "certifi" },
    { name = "charset-normalizer" },
    { name = "idna" },
    { name = "urllib3" },
]
sdist = { url = "https://files.pythonhosted.org/packages/9d/ee/391076f5937f0a8cdf5e53b701ffc91753e87b07d66bae4a09aa671897bf/requests-2.28.2.tar.gz", hash = "sha256:98b1b2782e3c6c4904938b84c0eb932721069dfdb9134313beff7c83c2df24bf", size = 108206, upload-time = "2023-01-12T16:24:54.687Z" }
wheels = [
    { url = "https://files.pythonhosted.org/packages/d2/f4/274d1dbe96b41cf4e0efb70cbced278ffd61b5c7bb70338b62af94ccb25b/requests-2.28.2-py3-none-any.whl", hash = "sha256:64299f4909223da747622c030b781c0d7811e359c37124b4bd368fb8c6518baa", size = 62822, upload-time = "2023-01-12T16:24:52.241Z" },
]

[[package]]
name = "requests-oauthlib"
version = "2.0.0"
source = { registry = "https://pypi.org/simple" }
dependencies = [
    { name = "oauthlib" },
    { name = "requests" },
]
sdist = { url = "https://files.pythonhosted.org/packages/42/f2/05f29bc3913aea15eb670be136045bf5c5bbf4b99ecb839da9b422bb2c85/requests-oauthlib-2.0.0.tar.gz", hash = "sha256:b3dffaebd884d8cd778494369603a9e7b58d29111bf6b41bdc2dcd87203af4e9", size = 55650, upload-time = "2024-03-22T20:32:29.939Z" }
wheels = [
    { url = "https://files.pythonhosted.org/packages/3b/5d/63d4ae3b9daea098d5d6f5da83984853c1bbacd5dc826764b249fe119d24/requests_oauthlib-2.0.0-py2.py3-none-any.whl", hash = "sha256:7dd8a5c40426b779b0868c404bdef9768deccf22749cde15852df527e6269b36", size = 24179, upload-time = "2024-03-22T20:32:28.055Z" },
]

[[package]]
name = "scene"
version = "0.1.0"
source = { virtual = "." }
dependencies = [
    { name = "asgiref" },
    { name = "certifi" },
    { name = "cffi" },
    { name = "charset-normalizer" },
    { name = "cryptography" },
    { name = "django" },
    { name = "django-allauth" },
    { name = "django-prometheus" },
    { name = "django-ranged-response" },
    { name = "django-simple-captcha" },
    { name = "django-smtp-ssl" },
    { name = "django-utils-six" },
    { name = "gunicorn" },
    { name = "idna" },
    { name = "oauthlib" },
    { name = "pillow" },
    { name = "prometheus-client" },
    { name = "psycopg2-binary" },
    { name = "pycparser" },
    { name = "pyjwt" },
    { name = "requests" },
    { name = "requests-oauthlib" },
    { name = "sqlparse" },
    { name = "urllib3" },
]

[package.metadata]
requires-dist = [
    { name = "asgiref", specifier = "==3.6.0" },
    { name = "certifi", specifier = "==2022.12.7" },
    { name = "cffi", specifier = "==1.17.0" },
    { name = "charset-normalizer", specifier = "==3.0.1" },
    { name = "cryptography", specifier = "==43.0.0" },
    { name = "django", specifier = "==4.2.15" },
    { name = "django-allauth", specifier = "==64.1.0" },
    { name = "django-prometheus", specifier = "==2.3.1" },
    { name = "django-ranged-response", specifier = "==0.2.0" },
    { name = "django-simple-captcha", specifier = "==0.6.0" },
    { name = "django-smtp-ssl", specifier = "==1.0" },
    { name = "django-utils-six", specifier = "==2.0" },
    { name = "gunicorn", specifier = "==20.1.0" },
    { name = "idna", specifier = "==3.4" },
    { name = "oauthlib", specifier = "==3.2.2" },
    { name = "pillow", specifier = "==11.1.0" },
    { name = "prometheus-client", specifier = "==0.17.1" },
    { name = "psycopg2-binary", specifier = ">=2.9.11" },
    { name = "pycparser", specifier = "==2.22" },
    { name = "pyjwt", specifier = "==2.9.0" },
    { name = "requests", specifier = "==2.28.2" },
    { name = "requests-oauthlib", specifier = "==2.0.0" },
    { name = "sqlparse", specifier = "==0.4.3" },
    { name = "urllib3", specifier = "==1.26.14" },
]

[[package]]
name = "setuptools"
version = "80.9.0"
source = { registry = "https://pypi.org/simple" }
sdist = { url = "https://files.pythonhosted.org/packages/18/5d/3bf57dcd21979b887f014ea83c24ae194cfcd12b9e0fda66b957c69d1fca/setuptools-80.9.0.tar.gz", hash = "sha256:f36b47402ecde768dbfafc46e8e4207b4360c654f1f3bb84475f0a28628fb19c", size = 1319958, upload-time = "2025-05-27T00:56:51.443Z" }
wheels = [
    { url = "https://files.pythonhosted.org/packages/a3/dc/17031897dae0efacfea57dfd3a82fdd2a2aeb58e0ff71b77b87e44edc772/setuptools-80.9.0-py3-none-any.whl", hash = "sha256:062d34222ad13e0cc312a4c02d73f059e86a4acbfbdea8f8f76b28c99f306922", size = 1201486, upload-time = "2025-05-27T00:56:49.664Z" },
]

[[package]]
name = "sqlparse"
version = "0.4.3"
source = { registry = "https://pypi.org/simple" }
sdist = { url = "https://files.pythonhosted.org/packages/ba/fa/5b7662b04b69f3a34b8867877e4dbf2a37b7f2a5c0bbb5a9eed64efd1ad1/sqlparse-0.4.3.tar.gz", hash = "sha256:69ca804846bb114d2ec380e4360a8a340db83f0ccf3afceeb1404df028f57268", size = 70771, upload-time = "2022-09-23T18:41:23.241Z" }
wheels = [
    { url = "https://files.pythonhosted.org/packages/97/d3/31dd2c3e48fc2060819f4acb0686248250a0f2326356306b38a42e059144/sqlparse-0.4.3-py3-none-any.whl", hash = "sha256:0323c0ec29cd52bceabc1b4d9d579e311f3e4961b98d174201d5622a23b85e34", size = 42768, upload-time = "2022-09-23T18:41:20.351Z" },
]

[[package]]
name = "tzdata"
version = "2025.2"
source = { registry = "https://pypi.org/simple" }
sdist = { url = "https://files.pythonhosted.org/packages/95/32/1a225d6164441be760d75c2c42e2780dc0873fe382da3e98a2e1e48361e5/tzdata-2025.2.tar.gz", hash = "sha256:b60a638fcc0daffadf82fe0f57e53d06bdec2f36c4df66280ae79bce6bd6f2b9", size = 196380, upload-time = "2025-03-23T13:54:43.652Z" }
wheels = [
    { url = "https://files.pythonhosted.org/packages/5c/23/c7abc0ca0a1526a0774eca151daeb8de62ec457e77262b66b359c3c7679e/tzdata-2025.2-py2.py3-none-any.whl", hash = "sha256:1a403fada01ff9221ca8044d701868fa132215d84beb92242d9acd2147f667a8", size = 347839, upload-time = "2025-03-23T13:54:41.845Z" },
]

[[package]]
name = "urllib3"
version = "1.26.14"
source = { registry = "https://pypi.org/simple" }
sdist = { url = "https://files.pythonhosted.org/packages/c5/52/fe421fb7364aa738b3506a2d99e4f3a56e079c0a798e9f4fa5e14c60922f/urllib3-1.26.14.tar.gz", hash = "sha256:076907bf8fd355cde77728471316625a4d2f7e713c125f51953bb5b3eecf4f72", size = 300665, upload-time = "2023-01-11T13:04:59.366Z" }
wheels = [
    { url = "https://files.pythonhosted.org/packages/fe/ca/466766e20b767ddb9b951202542310cba37ea5f2d792dae7589f1741af58/urllib3-1.26.14-py2.py3-none-any.whl", hash = "sha256:75edcdc2f7d85b137124a6c3c9fc3933cdeaa12ecb9a6a959f22797a0feca7e1", size = 140642, upload-time = "2023-01-11T13:04:57.17Z" },
]
